
Microsoft Visual Studio Solution File, Format Version 12.00
# Visual Studio Version 16
VisualStudioVersion = 16.0.29613.14
MinimumVisualStudioVersion = 10.0.40219.1
Project("{9A19103F-16F7-4668-BE54-9A1E7A4F7556}") = "w9wen.OPC.UA.Client.ConsoleApp", "w9wen.OPC.UA.Client.ConsoleApp\w9wen.OPC.UA.Client.ConsoleApp.csproj", "{EB7A8525-AFB4-408E-B0F9-D4FEE9F81962}"
EndProject
Project("{FAE04EC0-301F-11D3-BF4B-00C04F79EFBC}") = "w9wen.OPC.UA.Mobile", "w9wen.OPC.UA.Mobile\w9wen.OPC.UA.Mobile\w9wen.OPC.UA.Mobile.csproj", "{CCA90197-6073-4AD7-95CC-DFC95B399E8B}"
EndProject
Project("{FAE04EC0-301F-11D3-BF4B-00C04F79EFBC}") = "w9wen.OPC.UA.Mobile.Android", "w9wen.OPC.UA.Mobile\w9wen.OPC.UA.Mobile.Android\w9wen.OPC.UA.Mobile.Android.csproj", "{262597C8-F9B6-4906-A79E-4CEC31D95CFD}"
EndProject
Project("{FAE04EC0-301F-11D3-BF4B-00C04F79EFBC}") = "w9wen.OPC.UA.Mobile.iOS", "w9wen.OPC.UA.Mobile\w9wen.OPC.UA.Mobile.iOS\w9wen.OPC.UA.Mobile.iOS.csproj", "{2B62A863-5D3B-4E24-B60D-78836B433D68}"
EndProject
Project("{FAE04EC0-301F-11D3-BF4B-00C04F79EFBC}") = "w9wen.OPC.UA.Mobile.UWP", "w9wen.OPC.UA.Mobile\w9wen.OPC.UA.Mobile.UWP\w9wen.OPC.UA.Mobile.UWP.csproj", "{86069209-DB52-4BEA-84E0-A711169C359B}"
EndProject
Global
	GlobalSection(SolutionConfigurationPlatforms) = preSolution
		Ad-Hoc|Any CPU = Ad-Hoc|Any CPU
		Ad-Hoc|ARM = Ad-Hoc|ARM
		Ad-Hoc|iPhone = Ad-Hoc|iPhone
		Ad-Hoc|iPhoneSimulator = Ad-Hoc|iPhoneSimulator
		Ad-Hoc|x64 = Ad-Hoc|x64
		Ad-Hoc|x86 = Ad-Hoc|x86
		AppStore|Any CPU = AppStore|Any CPU
		AppStore|ARM = AppStore|ARM
		AppStore|iPhone = AppStore|iPhone
		AppStore|iPhoneSimulator = AppStore|iPhoneSimulator
		AppStore|x64 = AppStore|x64
		AppStore|x86 = AppStore|x86
		Debug|Any CPU = Debug|Any CPU
		Debug|ARM = Debug|ARM
		Debug|iPhone = Debug|iPhone
		Debug|iPhoneSimulator = Debug|iPhoneSimulator
		Debug|x64 = Debug|x64
		Debug|x86 = Debug|x86
		Release|Any CPU = Release|Any CPU
		Release|ARM = Release|ARM
		Release|iPhone = Release|iPhone
		Release|iPhoneSimulator = Release|iPhoneSimulator
		Release|x64 = Release|x64
		Release|x86 = Release|x86
	EndGlobalSection
	GlobalSection(ProjectConfigurationPlatforms) = postSolution
		{EB7A8525-AFB4-408E-B0F9-D4FEE9F81962}.Ad-Hoc|Any CPU.ActiveCfg = Release|Any CPU
		{EB7A8525-AFB4-408E-B0F9-D4FEE9F81962}.Ad-Hoc|Any CPU.Build.0 = Release|Any CPU
		{EB7A8525-AFB4-408E-B0F9-D4FEE9F81962}.Ad-Hoc|ARM.ActiveCfg = Release|Any CPU
		{EB7A8525-AFB4-408E-B0F9-D4FEE9F81962}.Ad-Hoc|ARM.Build.0 = Release|Any CPU
		{EB7A8525-AFB4-408E-B0F9-D4FEE9F81962}.Ad-Hoc|iPhone.ActiveCfg = Release|Any CPU
		{EB7A8525-AFB4-408E-B0F9-D4FEE9F81962}.Ad-Hoc|iPhone.Build.0 = Release|Any CPU
		{EB7A8525-AFB4-408E-B0F9-D4FEE9F81962}.Ad-Hoc|iPhoneSimulator.ActiveCfg = Release|Any CPU
		{EB7A8525-AFB4-408E-B0F9-D4FEE9F81962}.Ad-Hoc|iPhoneSimulator.Build.0 = Release|Any CPU
		{EB7A8525-AFB4-408E-B0F9-D4FEE9F81962}.Ad-Hoc|x64.ActiveCfg = Release|Any CPU
		{EB7A8525-AFB4-408E-B0F9-D4FEE9F81962}.Ad-Hoc|x64.Build.0 = Release|Any CPU
		{EB7A8525-AFB4-408E-B0F9-D4FEE9F81962}.Ad-Hoc|x86.ActiveCfg = Release|Any CPU
		{EB7A8525-AFB4-408E-B0F9-D4FEE9F81962}.Ad-Hoc|x86.Build.0 = Release|Any CPU
		{EB7A8525-AFB4-408E-B0F9-D4FEE9F81962}.AppStore|Any CPU.ActiveCfg = Release|Any CPU
		{EB7A8525-AFB4-408E-B0F9-D4FEE9F81962}.AppStore|Any CPU.Build.0 = Release|Any CPU
		{EB7A8525-AFB4-408E-B0F9-D4FEE9F81962}.AppStore|ARM.ActiveCfg = Release|Any CPU
		{EB7A8525-AFB4-408E-B0F9-D4FEE9F81962}.AppStore|ARM.Build.0 = Release|Any CPU
		{EB7A8525-AFB4-408E-B0F9-D4FEE9F81962}.AppStore|iPhone.ActiveCfg = Release|Any CPU
		{EB7A8525-AFB4-408E-B0F9-D4FEE9F81962}.AppStore|iPhone.Build.0 = Release|Any CPU
		{EB7A8525-AFB4-408E-B0F9-D4FEE9F81962}.AppStore|iPhoneSimulator.ActiveCfg = Release|Any CPU
		{EB7A8525-AFB4-408E-B0F9-D4FEE9F81962}.AppStore|iPhoneSimulator.Build.0 = Release|Any CPU
		{EB7A8525-AFB4-408E-B0F9-D4FEE9F81962}.AppStore|x64.ActiveCfg = Release|Any CPU
		{EB7A8525-AFB4-408E-B0F9-D4FEE9F81962}.AppStore|x64.Build.0 = Release|Any CPU
		{EB7A8525-AFB4-408E-B0F9-D4FEE9F81962}.AppStore|x86.ActiveCfg = Release|Any CPU
		{EB7A8525-AFB4-408E-B0F9-D4FEE9F81962}.AppStore|x86.Build.0 = Release|Any CPU
		{EB7A8525-AFB4-408E-B0F9-D4FEE9F81962}.Debug|Any CPU.ActiveCfg = Debug|Any CPU
		{EB7A8525-AFB4-408E-B0F9-D4FEE9F81962}.Debug|Any CPU.Build.0 = Debug|Any CPU
		{EB7A8525-AFB4-408E-B0F9-D4FEE9F81962}.Debug|ARM.ActiveCfg = Debug|Any CPU
		{EB7A8525-AFB4-408E-B0F9-D4FEE9F81962}.Debug|ARM.Build.0 = Debug|Any CPU
		{EB7A8525-AFB4-408E-B0F9-D4FEE9F81962}.Debug|iPhone.ActiveCfg = Debug|Any CPU
		{EB7A8525-AFB4-408E-B0F9-D4FEE9F81962}.Debug|iPhone.Build.0 = Debug|Any CPU
		{EB7A8525-AFB4-408E-B0F9-D4FEE9F81962}.Debug|iPhoneSimulator.ActiveCfg = Debug|Any CPU
		{EB7A8525-AFB4-408E-B0F9-D4FEE9F81962}.Debug|iPhoneSimulator.Build.0 = Debug|Any CPU
		{EB7A8525-AFB4-408E-B0F9-D4FEE9F81962}.Debug|x64.ActiveCfg = Debug|Any CPU
		{EB7A8525-AFB4-408E-B0F9-D4FEE9F81962}.Debug|x64.Build.0 = Debug|Any CPU
		{EB7A8525-AFB4-408E-B0F9-D4FEE9F81962}.Debug|x86.ActiveCfg = Debug|Any CPU
		{EB7A8525-AFB4-408E-B0F9-D4FEE9F81962}.Debug|x86.Build.0 = Debug|Any CPU
		{EB7A8525-AFB4-408E-B0F9-D4FEE9F81962}.Release|Any CPU.ActiveCfg = Release|Any CPU
		{EB7A8525-AFB4-408E-B0F9-D4FEE9F81962}.Release|Any CPU.Build.0 = Release|Any CPU
		{EB7A8525-AFB4-408E-B0F9-D4FEE9F81962}.Release|ARM.ActiveCfg = Release|Any CPU
		{EB7A8525-AFB4-408E-B0F9-D4FEE9F81962}.Release|ARM.Build.0 = Release|Any CPU
		{EB7A8525-AFB4-408E-B0F9-D4FEE9F81962}.Release|iPhone.ActiveCfg = Release|Any CPU
		{EB7A8525-AFB4-408E-B0F9-D4FEE9F81962}.Release|iPhone.Build.0 = Release|Any CPU
		{EB7A8525-AFB4-408E-B0F9-D4FEE9F81962}.Release|iPhoneSimulator.ActiveCfg = Release|Any CPU
		{EB7A8525-AFB4-408E-B0F9-D4FEE9F81962}.Release|iPhoneSimulator.Build.0 = Release|Any CPU
		{EB7A8525-AFB4-408E-B0F9-D4FEE9F81962}.Release|x64.ActiveCfg = Release|Any CPU
		{EB7A8525-AFB4-408E-B0F9-D4FEE9F81962}.Release|x64.Build.0 = Release|Any CPU
		{EB7A8525-AFB4-408E-B0F9-D4FEE9F81962}.Release|x86.ActiveCfg = Release|Any CPU
		{EB7A8525-AFB4-408E-B0F9-D4FEE9F81962}.Release|x86.Build.0 = Release|Any CPU
		{CCA90197-6073-4AD7-95CC-DFC95B399E8B}.Ad-Hoc|Any CPU.ActiveCfg = Debug|Any CPU
		{CCA90197-6073-4AD7-95CC-DFC95B399E8B}.Ad-Hoc|Any CPU.Build.0 = Debug|Any CPU
		{CCA90197-6073-4AD7-95CC-DFC95B399E8B}.Ad-Hoc|ARM.ActiveCfg = Debug|Any CPU
		{CCA90197-6073-4AD7-95CC-DFC95B399E8B}.Ad-Hoc|ARM.Build.0 = Debug|Any CPU
		{CCA90197-6073-4AD7-95CC-DFC95B399E8B}.Ad-Hoc|iPhone.ActiveCfg = Debug|Any CPU
		{CCA90197-6073-4AD7-95CC-DFC95B399E8B}.Ad-Hoc|iPhone.Build.0 = Debug|Any CPU
		{CCA90197-6073-4AD7-95CC-DFC95B399E8B}.Ad-Hoc|iPhoneSimulator.ActiveCfg = Debug|Any CPU
		{CCA90197-6073-4AD7-95CC-DFC95B399E8B}.Ad-Hoc|iPhoneSimulator.Build.0 = Debug|Any CPU
		{CCA90197-6073-4AD7-95CC-DFC95B399E8B}.Ad-Hoc|x64.ActiveCfg = Debug|Any CPU
		{CCA90197-6073-4AD7-95CC-DFC95B399E8B}.Ad-Hoc|x64.Build.0 = Debug|Any CPU
		{CCA90197-6073-4AD7-95CC-DFC95B399E8B}.Ad-Hoc|x86.ActiveCfg = Debug|Any CPU
		{CCA90197-6073-4AD7-95CC-DFC95B399E8B}.Ad-Hoc|x86.Build.0 = Debug|Any CPU
		{CCA90197-6073-4AD7-95CC-DFC95B399E8B}.AppStore|Any CPU.ActiveCfg = Debug|Any CPU
		{CCA90197-6073-4AD7-95CC-DFC95B399E8B}.AppStore|Any CPU.Build.0 = Debug|Any CPU
		{CCA90197-6073-4AD7-95CC-DFC95B399E8B}.AppStore|ARM.ActiveCfg = Debug|Any CPU
		{CCA90197-6073-4AD7-95CC-DFC95B399E8B}.AppStore|ARM.Build.0 = Debug|Any CPU
		{CCA90197-6073-4AD7-95CC-DFC95B399E8B}.AppStore|iPhone.ActiveCfg = Debug|Any CPU
		{CCA90197-6073-4AD7-95CC-DFC95B399E8B}.AppStore|iPhone.Build.0 = Debug|Any CPU
		{CCA90197-6073-4AD7-95CC-DFC95B399E8B}.AppStore|iPhoneSimulator.ActiveCfg = Debug|Any CPU
		{CCA90197-6073-4AD7-95CC-DFC95B399E8B}.AppStore|iPhoneSimulator.Build.0 = Debug|Any CPU
		{CCA90197-6073-4AD7-95CC-DFC95B399E8B}.AppStore|x64.ActiveCfg = Debug|Any CPU
		{CCA90197-6073-4AD7-95CC-DFC95B399E8B}.AppStore|x64.Build.0 = Debug|Any CPU
		{CCA90197-6073-4AD7-95CC-DFC95B399E8B}.AppStore|x86.ActiveCfg = Debug|Any CPU
		{CCA90197-6073-4AD7-95CC-DFC95B399E8B}.AppStore|x86.Build.0 = Debug|Any CPU
		{CCA90197-6073-4AD7-95CC-DFC95B399E8B}.Debug|Any CPU.ActiveCfg = Debug|Any CPU
		{CCA90197-6073-4AD7-95CC-DFC95B399E8B}.Debug|Any CPU.Build.0 = Debug|Any CPU
		{CCA90197-6073-4AD7-95CC-DFC95B399E8B}.Debug|ARM.ActiveCfg = Debug|Any CPU
		{CCA90197-6073-4AD7-95CC-DFC95B399E8B}.Debug|ARM.Build.0 = Debug|Any CPU
		{CCA90197-6073-4AD7-95CC-DFC95B399E8B}.Debug|iPhone.ActiveCfg = Debug|Any CPU
		{CCA90197-6073-4AD7-95CC-DFC95B399E8B}.Debug|iPhone.Build.0 = Debug|Any CPU
		{CCA90197-6073-4AD7-95CC-DFC95B399E8B}.Debug|iPhoneSimulator.ActiveCfg = Debug|Any CPU
		{CCA90197-6073-4AD7-95CC-DFC95B399E8B}.Debug|iPhoneSimulator.Build.0 = Debug|Any CPU
		{CCA90197-6073-4AD7-95CC-DFC95B399E8B}.Debug|x64.ActiveCfg = Debug|Any CPU
		{CCA90197-6073-4AD7-95CC-DFC95B399E8B}.Debug|x64.Build.0 = Debug|Any CPU
		{CCA90197-6073-4AD7-95CC-DFC95B399E8B}.Debug|x86.ActiveCfg = Debug|Any CPU
		{CCA90197-6073-4AD7-95CC-DFC95B399E8B}.Debug|x86.Build.0 = Debug|Any CPU
		{CCA90197-6073-4AD7-95CC-DFC95B399E8B}.Release|Any CPU.ActiveCfg = Release|Any CPU
		{CCA90197-6073-4AD7-95CC-DFC95B399E8B}.Release|Any CPU.Build.0 = Release|Any CPU
		{CCA90197-6073-4AD7-95CC-DFC95B399E8B}.Release|ARM.ActiveCfg = Release|Any CPU
		{CCA90197-6073-4AD7-95CC-DFC95B399E8B}.Release|ARM.Build.0 = Release|Any CPU
		{CCA90197-6073-4AD7-95CC-DFC95B399E8B}.Release|iPhone.ActiveCfg = Release|Any CPU
		{CCA90197-6073-4AD7-95CC-DFC95B399E8B}.Release|iPhone.Build.0 = Release|Any CPU
		{CCA90197-6073-4AD7-95CC-DFC95B399E8B}.Release|iPhoneSimulator.ActiveCfg = Release|Any CPU
		{CCA90197-6073-4AD7-95CC-DFC95B399E8B}.Release|iPhoneSimulator.Build.0 = Release|Any CPU
		{CCA90197-6073-4AD7-95CC-DFC95B399E8B}.Release|x64.ActiveCfg = Release|Any CPU
		{CCA90197-6073-4AD7-95CC-DFC95B399E8B}.Release|x64.Build.0 = Release|Any CPU
		{CCA90197-6073-4AD7-95CC-DFC95B399E8B}.Release|x86.ActiveCfg = Release|Any CPU
		{CCA90197-6073-4AD7-95CC-DFC95B399E8B}.Release|x86.Build.0 = Release|Any CPU
		{262597C8-F9B6-4906-A79E-4CEC31D95CFD}.Ad-Hoc|Any CPU.ActiveCfg = Release|Any CPU
		{262597C8-F9B6-4906-A79E-4CEC31D95CFD}.Ad-Hoc|Any CPU.Build.0 = Release|Any CPU
		{262597C8-F9B6-4906-A79E-4CEC31D95CFD}.Ad-Hoc|Any CPU.Deploy.0 = Release|Any CPU
		{262597C8-F9B6-4906-A79E-4CEC31D95CFD}.Ad-Hoc|ARM.ActiveCfg = Release|Any CPU
		{262597C8-F9B6-4906-A79E-4CEC31D95CFD}.Ad-Hoc|ARM.Build.0 = Release|Any CPU
		{262597C8-F9B6-4906-A79E-4CEC31D95CFD}.Ad-Hoc|ARM.Deploy.0 = Release|Any CPU
		{262597C8-F9B6-4906-A79E-4CEC31D95CFD}.Ad-Hoc|iPhone.ActiveCfg = Release|Any CPU
		{262597C8-F9B6-4906-A79E-4CEC31D95CFD}.Ad-Hoc|iPhone.Build.0 = Release|Any CPU
		{262597C8-F9B6-4906-A79E-4CEC31D95CFD}.Ad-Hoc|iPhone.Deploy.0 = Release|Any CPU
		{262597C8-F9B6-4906-A79E-4CEC31D95CFD}.Ad-Hoc|iPhoneSimulator.ActiveCfg = Release|Any CPU
		{262597C8-F9B6-4906-A79E-4CEC31D95CFD}.Ad-Hoc|iPhoneSimulator.Build.0 = Release|Any CPU
		{262597C8-F9B6-4906-A79E-4CEC31D95CFD}.Ad-Hoc|iPhoneSimulator.Deploy.0 = Release|Any CPU
		{262597C8-F9B6-4906-A79E-4CEC31D95CFD}.Ad-Hoc|x64.ActiveCfg = Release|Any CPU
		{262597C8-F9B6-4906-A79E-4CEC31D95CFD}.Ad-Hoc|x64.Build.0 = Release|Any CPU
		{262597C8-F9B6-4906-A79E-4CEC31D95CFD}.Ad-Hoc|x64.Deploy.0 = Release|Any CPU
		{262597C8-F9B6-4906-A79E-4CEC31D95CFD}.Ad-Hoc|x86.ActiveCfg = Release|Any CPU
		{262597C8-F9B6-4906-A79E-4CEC31D95CFD}.Ad-Hoc|x86.Build.0 = Release|Any CPU
		{262597C8-F9B6-4906-A79E-4CEC31D95CFD}.Ad-Hoc|x86.Deploy.0 = Release|Any CPU
		{262597C8-F9B6-4906-A79E-4CEC31D95CFD}.AppStore|Any CPU.ActiveCfg = Release|Any CPU
		{262597C8-F9B6-4906-A79E-4CEC31D95CFD}.AppStore|Any CPU.Build.0 = Release|Any CPU
		{262597C8-F9B6-4906-A79E-4CEC31D95CFD}.AppStore|Any CPU.Deploy.0 = Release|Any CPU
		{262597C8-F9B6-4906-A79E-4CEC31D95CFD}.AppStore|ARM.ActiveCfg = Release|Any CPU
		{262597C8-F9B6-4906-A79E-4CEC31D95CFD}.AppStore|ARM.Build.0 = Release|Any CPU
		{262597C8-F9B6-4906-A79E-4CEC31D95CFD}.AppStore|ARM.Deploy.0 = Release|Any CPU
		{262597C8-F9B6-4906-A79E-4CEC31D95CFD}.AppStore|iPhone.ActiveCfg = Release|Any CPU
		{262597C8-F9B6-4906-A79E-4CEC31D95CFD}.AppStore|iPhone.Build.0 = Release|Any CPU
		{262597C8-F9B6-4906-A79E-4CEC31D95CFD}.AppStore|iPhone.Deploy.0 = Release|Any CPU
		{262597C8-F9B6-4906-A79E-4CEC31D95CFD}.AppStore|iPhoneSimulator.ActiveCfg = Release|Any CPU
		{262597C8-F9B6-4906-A79E-4CEC31D95CFD}.AppStore|iPhoneSimulator.Build.0 = Release|Any CPU
		{262597C8-F9B6-4906-A79E-4CEC31D95CFD}.AppStore|iPhoneSimulator.Deploy.0 = Release|Any CPU
		{262597C8-F9B6-4906-A79E-4CEC31D95CFD}.AppStore|x64.ActiveCfg = Release|Any CPU
		{262597C8-F9B6-4906-A79E-4CEC31D95CFD}.AppStore|x64.Build.0 = Release|Any CPU
		{262597C8-F9B6-4906-A79E-4CEC31D95CFD}.AppStore|x64.Deploy.0 = Release|Any CPU
		{262597C8-F9B6-4906-A79E-4CEC31D95CFD}.AppStore|x86.ActiveCfg = Release|Any CPU
		{262597C8-F9B6-4906-A79E-4CEC31D95CFD}.AppStore|x86.Build.0 = Release|Any CPU
		{262597C8-F9B6-4906-A79E-4CEC31D95CFD}.AppStore|x86.Deploy.0 = Release|Any CPU
		{262597C8-F9B6-4906-A79E-4CEC31D95CFD}.Debug|Any CPU.ActiveCfg = Debug|Any CPU
		{262597C8-F9B6-4906-A79E-4CEC31D95CFD}.Debug|Any CPU.Build.0 = Debug|Any CPU
		{262597C8-F9B6-4906-A79E-4CEC31D95CFD}.Debug|Any CPU.Deploy.0 = Debug|Any CPU
		{262597C8-F9B6-4906-A79E-4CEC31D95CFD}.Debug|ARM.ActiveCfg = Debug|Any CPU
		{262597C8-F9B6-4906-A79E-4CEC31D95CFD}.Debug|ARM.Build.0 = Debug|Any CPU
		{262597C8-F9B6-4906-A79E-4CEC31D95CFD}.Debug|ARM.Deploy.0 = Debug|Any CPU
		{262597C8-F9B6-4906-A79E-4CEC31D95CFD}.Debug|iPhone.ActiveCfg = Debug|Any CPU
		{262597C8-F9B6-4906-A79E-4CEC31D95CFD}.Debug|iPhone.Build.0 = Debug|Any CPU
		{262597C8-F9B6-4906-A79E-4CEC31D95CFD}.Debug|iPhone.Deploy.0 = Debug|Any CPU
		{262597C8-F9B6-4906-A79E-4CEC31D95CFD}.Debug|iPhoneSimulator.ActiveCfg = Debug|Any CPU
		{262597C8-F9B6-4906-A79E-4CEC31D95CFD}.Debug|iPhoneSimulator.Build.0 = Debug|Any CPU
		{262597C8-F9B6-4906-A79E-4CEC31D95CFD}.Debug|iPhoneSimulator.Deploy.0 = Debug|Any CPU
		{262597C8-F9B6-4906-A79E-4CEC31D95CFD}.Debug|x64.ActiveCfg = Debug|Any CPU
		{262597C8-F9B6-4906-A79E-4CEC31D95CFD}.Debug|x64.Build.0 = Debug|Any CPU
		{262597C8-F9B6-4906-A79E-4CEC31D95CFD}.Debug|x64.Deploy.0 = Debug|Any CPU
		{262597C8-F9B6-4906-A79E-4CEC31D95CFD}.Debug|x86.ActiveCfg = Debug|Any CPU
		{262597C8-F9B6-4906-A79E-4CEC31D95CFD}.Debug|x86.Build.0 = Debug|Any CPU
		{262597C8-F9B6-4906-A79E-4CEC31D95CFD}.Debug|x86.Deploy.0 = Debug|Any CPU
		{262597C8-F9B6-4906-A79E-4CEC31D95CFD}.Release|Any CPU.ActiveCfg = Release|Any CPU
		{262597C8-F9B6-4906-A79E-4CEC31D95CFD}.Release|Any CPU.Build.0 = Release|Any CPU
		{262597C8-F9B6-4906-A79E-4CEC31D95CFD}.Release|Any CPU.Deploy.0 = Release|Any CPU
		{262597C8-F9B6-4906-A79E-4CEC31D95CFD}.Release|ARM.ActiveCfg = Release|Any CPU
		{262597C8-F9B6-4906-A79E-4CEC31D95CFD}.Release|ARM.Build.0 = Release|Any CPU
		{262597C8-F9B6-4906-A79E-4CEC31D95CFD}.Release|ARM.Deploy.0 = Release|Any CPU
		{262597C8-F9B6-4906-A79E-4CEC31D95CFD}.Release|iPhone.ActiveCfg = Release|Any CPU
		{262597C8-F9B6-4906-A79E-4CEC31D95CFD}.Release|iPhone.Build.0 = Release|Any CPU
		{262597C8-F9B6-4906-A79E-4CEC31D95CFD}.Release|iPhone.Deploy.0 = Release|Any CPU
		{262597C8-F9B6-4906-A79E-4CEC31D95CFD}.Release|iPhoneSimulator.ActiveCfg = Release|Any CPU
		{262597C8-F9B6-4906-A79E-4CEC31D95CFD}.Release|iPhoneSimulator.Build.0 = Release|Any CPU
		{262597C8-F9B6-4906-A79E-4CEC31D95CFD}.Release|iPhoneSimulator.Deploy.0 = Release|Any CPU
		{262597C8-F9B6-4906-A79E-4CEC31D95CFD}.Release|x64.ActiveCfg = Release|Any CPU
		{262597C8-F9B6-4906-A79E-4CEC31D95CFD}.Release|x64.Build.0 = Release|Any CPU
		{262597C8-F9B6-4906-A79E-4CEC31D95CFD}.Release|x64.Deploy.0 = Release|Any CPU
		{262597C8-F9B6-4906-A79E-4CEC31D95CFD}.Release|x86.ActiveCfg = Release|Any CPU
		{262597C8-F9B6-4906-A79E-4CEC31D95CFD}.Release|x86.Build.0 = Release|Any CPU
		{262597C8-F9B6-4906-A79E-4CEC31D95CFD}.Release|x86.Deploy.0 = Release|Any CPU
		{2B62A863-5D3B-4E24-B60D-78836B433D68}.Ad-Hoc|Any CPU.ActiveCfg = Ad-Hoc|iPhone
		{2B62A863-5D3B-4E24-B60D-78836B433D68}.Ad-Hoc|ARM.ActiveCfg = Ad-Hoc|iPhone
		{2B62A863-5D3B-4E24-B60D-78836B433D68}.Ad-Hoc|iPhone.ActiveCfg = Ad-Hoc|iPhone
		{2B62A863-5D3B-4E24-B60D-78836B433D68}.Ad-Hoc|iPhone.Build.0 = Ad-Hoc|iPhone
		{2B62A863-5D3B-4E24-B60D-78836B433D68}.Ad-Hoc|iPhoneSimulator.ActiveCfg = Ad-Hoc|iPhoneSimulator
		{2B62A863-5D3B-4E24-B60D-78836B433D68}.Ad-Hoc|iPhoneSimulator.Build.0 = Ad-Hoc|iPhoneSimulator
		{2B62A863-5D3B-4E24-B60D-78836B433D68}.Ad-Hoc|x64.ActiveCfg = Ad-Hoc|iPhone
		{2B62A863-5D3B-4E24-B60D-78836B433D68}.Ad-Hoc|x86.ActiveCfg = Ad-Hoc|iPhone
		{2B62A863-5D3B-4E24-B60D-78836B433D68}.AppStore|Any CPU.ActiveCfg = AppStore|iPhone
		{2B62A863-5D3B-4E24-B60D-78836B433D68}.AppStore|ARM.ActiveCfg = AppStore|iPhone
		{2B62A863-5D3B-4E24-B60D-78836B433D68}.AppStore|iPhone.ActiveCfg = AppStore|iPhone
		{2B62A863-5D3B-4E24-B60D-78836B433D68}.AppStore|iPhone.Build.0 = AppStore|iPhone
		{2B62A863-5D3B-4E24-B60D-78836B433D68}.AppStore|iPhoneSimulator.ActiveCfg = AppStore|iPhoneSimulator
		{2B62A863-5D3B-4E24-B60D-78836B433D68}.AppStore|iPhoneSimulator.Build.0 = AppStore|iPhoneSimulator
		{2B62A863-5D3B-4E24-B60D-78836B433D68}.AppStore|x64.ActiveCfg = AppStore|iPhone
		{2B62A863-5D3B-4E24-B60D-78836B433D68}.AppStore|x86.ActiveCfg = AppStore|iPhone
		{2B62A863-5D3B-4E24-B60D-78836B433D68}.Debug|Any CPU.ActiveCfg = Debug|iPhone
		{2B62A863-5D3B-4E24-B60D-78836B433D68}.Debug|ARM.ActiveCfg = Debug|iPhone
		{2B62A863-5D3B-4E24-B60D-78836B433D68}.Debug|iPhone.ActiveCfg = Debug|iPhone
		{2B62A863-5D3B-4E24-B60D-78836B433D68}.Debug|iPhone.Build.0 = Debug|iPhone
		{2B62A863-5D3B-4E24-B60D-78836B433D68}.Debug|iPhoneSimulator.ActiveCfg = Debug|iPhoneSimulator
		{2B62A863-5D3B-4E24-B60D-78836B433D68}.Debug|iPhoneSimulator.Build.0 = Debug|iPhoneSimulator
		{2B62A863-5D3B-4E24-B60D-78836B433D68}.Debug|x64.ActiveCfg = Debug|iPhone
		{2B62A863-5D3B-4E24-B60D-78836B433D68}.Debug|x86.ActiveCfg = Debug|iPhone
		{2B62A863-5D3B-4E24-B60D-78836B433D68}.Release|Any CPU.ActiveCfg = Release|iPhone
		{2B62A863-5D3B-4E24-B60D-78836B433D68}.Release|ARM.ActiveCfg = Release|iPhone
		{2B62A863-5D3B-4E24-B60D-78836B433D68}.Release|iPhone.ActiveCfg = Release|iPhone
		{2B62A863-5D3B-4E24-B60D-78836B433D68}.Release|iPhone.Build.0 = Release|iPhone
		{2B62A863-5D3B-4E24-B60D-78836B433D68}.Release|iPhoneSimulator.ActiveCfg = Release|iPhoneSimulator
		{2B62A863-5D3B-4E24-B60D-78836B433D68}.Release|iPhoneSimulator.Build.0 = Release|iPhoneSimulator
		{2B62A863-5D3B-4E24-B60D-78836B433D68}.Release|x64.ActiveCfg = Release|iPhone
		{2B62A863-5D3B-4E24-B60D-78836B433D68}.Release|x86.ActiveCfg = Release|iPhone
		{86069209-DB52-4BEA-84E0-A711169C359B}.Ad-Hoc|Any CPU.ActiveCfg = Release|x86
		{86069209-DB52-4BEA-84E0-A711169C359B}.Ad-Hoc|Any CPU.Build.0 = Release|x86
		{86069209-DB52-4BEA-84E0-A711169C359B}.Ad-Hoc|Any CPU.Deploy.0 = Release|x86
		{86069209-DB52-4BEA-84E0-A711169C359B}.Ad-Hoc|ARM.ActiveCfg = Release|ARM
		{86069209-DB52-4BEA-84E0-A711169C359B}.Ad-Hoc|ARM.Build.0 = Release|ARM
		{86069209-DB52-4BEA-84E0-A711169C359B}.Ad-Hoc|ARM.Deploy.0 = Release|ARM
		{86069209-DB52-4BEA-84E0-A711169C359B}.Ad-Hoc|iPhone.ActiveCfg = Release|x86
		{86069209-DB52-4BEA-84E0-A711169C359B}.Ad-Hoc|iPhone.Build.0 = Release|x86
		{86069209-DB52-4BEA-84E0-A711169C359B}.Ad-Hoc|iPhone.Deploy.0 = Release|x86
		{86069209-DB52-4BEA-84E0-A711169C359B}.Ad-Hoc|iPhoneSimulator.ActiveCfg = Release|x86
		{86069209-DB52-4BEA-84E0-A711169C359B}.Ad-Hoc|iPhoneSimulator.Build.0 = Release|x86
		{86069209-DB52-4BEA-84E0-A711169C359B}.Ad-Hoc|iPhoneSimulator.Deploy.0 = Release|x86
		{86069209-DB52-4BEA-84E0-A711169C359B}.Ad-Hoc|x64.ActiveCfg = Release|x64
		{86069209-DB52-4BEA-84E0-A711169C359B}.Ad-Hoc|x64.Build.0 = Release|x64
		{86069209-DB52-4BEA-84E0-A711169C359B}.Ad-Hoc|x64.Deploy.0 = Release|x64
		{86069209-DB52-4BEA-84E0-A711169C359B}.Ad-Hoc|x86.ActiveCfg = Release|x86
		{86069209-DB52-4BEA-84E0-A711169C359B}.Ad-Hoc|x86.Build.0 = Release|x86
		{86069209-DB52-4BEA-84E0-A711169C359B}.Ad-Hoc|x86.Deploy.0 = Release|x86
		{86069209-DB52-4BEA-84E0-A711169C359B}.AppStore|Any CPU.ActiveCfg = Release|x86
		{86069209-DB52-4BEA-84E0-A711169C359B}.AppStore|Any CPU.Build.0 = Release|x86
		{86069209-DB52-4BEA-84E0-A711169C359B}.AppStore|Any CPU.Deploy.0 = Release|x86
		{86069209-DB52-4BEA-84E0-A711169C359B}.AppStore|ARM.ActiveCfg = Release|ARM
		{86069209-DB52-4BEA-84E0-A711169C359B}.AppStore|ARM.Build.0 = Release|ARM
		{86069209-DB52-4BEA-84E0-A711169C359B}.AppStore|ARM.Deploy.0 = Release|ARM
		{86069209-DB52-4BEA-84E0-A711169C359B}.AppStore|iPhone.ActiveCfg = Release|x86
		{86069209-DB52-4BEA-84E0-A711169C359B}.AppStore|iPhone.Build.0 = Release|x86
		{86069209-DB52-4BEA-84E0-A711169C359B}.AppStore|iPhone.Deploy.0 = Release|x86
		{86069209-DB52-4BEA-84E0-A711169C359B}.AppStore|iPhoneSimulator.ActiveCfg = Release|x86
		{86069209-DB52-4BEA-84E0-A711169C359B}.AppStore|iPhoneSimulator.Build.0 = Release|x86
		{86069209-DB52-4BEA-84E0-A711169C359B}.AppStore|iPhoneSimulator.Deploy.0 = Release|x86
		{86069209-DB52-4BEA-84E0-A711169C359B}.AppStore|x64.ActiveCfg = Release|x64
		{86069209-DB52-4BEA-84E0-A711169C359B}.AppStore|x64.Build.0 = Release|x64
		{86069209-DB52-4BEA-84E0-A711169C359B}.AppStore|x64.Deploy.0 = Release|x64
		{86069209-DB52-4BEA-84E0-A711169C359B}.AppStore|x86.ActiveCfg = Release|x86
		{86069209-DB52-4BEA-84E0-A711169C359B}.AppStore|x86.Build.0 = Release|x86
		{86069209-DB52-4BEA-84E0-A711169C359B}.AppStore|x86.Deploy.0 = Release|x86
		{86069209-DB52-4BEA-84E0-A711169C359B}.Debug|Any CPU.ActiveCfg = Debug|x86
		{86069209-DB52-4BEA-84E0-A711169C359B}.Debug|ARM.ActiveCfg = Debug|ARM
		{86069209-DB52-4BEA-84E0-A711169C359B}.Debug|ARM.Build.0 = Debug|ARM
		{86069209-DB52-4BEA-84E0-A711169C359B}.Debug|ARM.Deploy.0 = Debug|ARM
		{86069209-DB52-4BEA-84E0-A711169C359B}.Debug|iPhone.ActiveCfg = Debug|x86
		{86069209-DB52-4BEA-84E0-A711169C359B}.Debug|iPhoneSimulator.ActiveCfg = Debug|x86
		{86069209-DB52-4BEA-84E0-A711169C359B}.Debug|x64.ActiveCfg = Debug|x64
		{86069209-DB52-4BEA-84E0-A711169C359B}.Debug|x64.Build.0 = Debug|x64
		{86069209-DB52-4BEA-84E0-A711169C359B}.Debug|x64.Deploy.0 = Debug|x64
		{86069209-DB52-4BEA-84E0-A711169C359B}.Debug|x86.ActiveCfg = Debug|x86
		{86069209-DB52-4BEA-84E0-A711169C359B}.Debug|x86.Build.0 = Debug|x86
		{86069209-DB52-4BEA-84E0-A711169C359B}.Debug|x86.Deploy.0 = Debug|x86
		{86069209-DB52-4BEA-84E0-A711169C359B}.Release|Any CPU.ActiveCfg = Release|x86
		{86069209-DB52-4BEA-84E0-A711169C359B}.Release|ARM.ActiveCfg = Release|ARM
		{86069209-DB52-4BEA-84E0-A711169C359B}.Release|ARM.Build.0 = Release|ARM
		{86069209-DB52-4BEA-84E0-A711169C359B}.Release|ARM.Deploy.0 = Release|ARM
		{86069209-DB52-4BEA-84E0-A711169C359B}.Release|iPhone.ActiveCfg = Release|x86
		{86069209-DB52-4BEA-84E0-A711169C359B}.Release|iPhoneSimulator.ActiveCfg = Release|x86
		{86069209-DB52-4BEA-84E0-A711169C359B}.Release|x64.ActiveCfg = Release|x64
		{86069209-DB52-4BEA-84E0-A711169C359B}.Release|x64.Build.0 = Release|x64
		{86069209-DB52-4BEA-84E0-A711169C359B}.Release|x64.Deploy.0 = Release|x64
		{86069209-DB52-4BEA-84E0-A711169C359B}.Release|x86.ActiveCfg = Release|x86
		{86069209-DB52-4BEA-84E0-A711169C359B}.Release|x86.Build.0 = Release|x86
		{86069209-DB52-4BEA-84E0-A711169C359B}.Release|x86.Deploy.0 = Release|x86
	EndGlobalSection
	GlobalSection(SolutionProperties) = preSolution
		HideSolutionNode = FALSE
	EndGlobalSection
	GlobalSection(ExtensibilityGlobals) = postSolution
		SolutionGuid = {649C9DAA-2623-4846-8BB4-795A999F66F9}
	EndGlobalSection
EndGlobal
